// !$*UTF8*$!
{
	archiveVersion = 1;
	classes = {
	};
	objectVersion = 50;
	objects = {

/* Begin PBXBuildFile section */
		CE1416A923BB1DA600AC69E4 /* AppDelegate.m in Sources */ = {isa = PBXBuildFile; fileRef = CE1416A823BB1DA600AC69E4 /* AppDelegate.m */; };
		CE1416AF23BB1DA600AC69E4 /* ViewController.m in Sources */ = {isa = PBXBuildFile; fileRef = CE1416AE23BB1DA600AC69E4 /* ViewController.m */; };
		CE1416B423BB1DA700AC69E4 /* Assets.xcassets in Resources */ = {isa = PBXBuildFile; fileRef = CE1416B323BB1DA700AC69E4 /* Assets.xcassets */; };
		CE1416B723BB1DA700AC69E4 /* LaunchScreen.storyboard in Resources */ = {isa = PBXBuildFile; fileRef = CE1416B523BB1DA700AC69E4 /* LaunchScreen.storyboard */; };
		CE1416BA23BB1DA700AC69E4 /* main.m in Sources */ = {isa = PBXBuildFile; fileRef = CE1416B923BB1DA700AC69E4 /* main.m */; };
		CE1416C223BB1F7700AC69E4 /* Task.m in Sources */ = {isa = PBXBuildFile; fileRef = CE1416C123BB1F7700AC69E4 /* Task.m */; };
		CE7EEBA123C7326900091BA1 /* myNSOperation.m in Sources */ = {isa = PBXBuildFile; fileRef = CE7EEBA023C7326900091BA1 /* myNSOperation.m */; };
/* End PBXBuildFile section */

/* Begin PBXFileReference section */
		CE1416A423BB1DA600AC69E4 /* task3.app */ = {isa = PBXFileReference; explicitFileType = wrapper.application; includeInIndex = 0; path = task3.app; sourceTree = BUILT_PRODUCTS_DIR; };
		CE1416A723BB1DA600AC69E4 /* AppDelegate.h */ = {isa = PBXFileReference; lastKnownFileType = sourcecode.c.h; path = AppDelegate.h; sourceTree = "<group>"; };
		CE1416A823BB1DA600AC69E4 /* AppDelegate.m */ = {isa = PBXFileReference; lastKnownFileType = sourcecode.c.objc; path = AppDelegate.m; sourceTree = "<group>"; };
		CE1416AD23BB1DA600AC69E4 /* ViewController.h */ = {isa = PBXFileReference; lastKnownFileType = sourcecode.c.h; path = ViewController.h; sourceTree = "<group>"; };
		CE1416AE23BB1DA600AC69E4 /* ViewController.m */ = {isa = PBXFileReference; lastKnownFileType = sourcecode.c.objc; path = ViewController.m; sourceTree = "<group>"; };
		CE1416B323BB1DA700AC69E4 /* Assets.xcassets */ = {isa = PBXFileReference; lastKnownFileType = folder.assetcatalog; path = Assets.xcassets; sourceTree = "<group>"; };
		CE1416B623BB1DA700AC69E4 /* Base */ = {isa = PBXFileReference; lastKnownFileType = file.storyboard; name = Base; path = Base.lproj/LaunchScreen.storyboard; sourceTree = "<group>"; };
		CE1416B823BB1DA700AC69E4 /* Info.plist */ = {isa = PBXFileReference; lastKnownFileType = text.plist.xml; path = Info.plist; sourceTree = "<group>"; };
		CE1416B923BB1DA700AC69E4 /* main.m */ = {isa = PBXFileReference; lastKnownFileType = sourcecode.c.objc; path = main.m; sourceTree = "<group>"; };
		CE1416C023BB1F7700AC69E4 /* Task.h */ = {isa = PBXFileReference; lastKnownFileType = sourcecode.c.h; path = Task.h; sourceTree = "<group>"; };
		CE1416C123BB1F7700AC69E4 /* Task.m */ = {isa = PBXFileReference; lastKnownFileType = sourcecode.c.objc; path = Task.m; sourceTree = "<group>"; };
		CE7EEB9F23C7326900091BA1 /* myNSOperation.h */ = {isa = PBXFileReference; lastKnownFileType = sourcecode.c.h; path = myNSOperation.h; sourceTree = "<group>"; };
		CE7EEBA023C7326900091BA1 /* myNSOperation.m */ = {isa = PBXFileReference; lastKnownFileType = sourcecode.c.objc; path = myNSOperation.m; sourceTree = "<group>"; };
/* End PBXFileReference section */

/* Begin PBXFrameworksBuildPhase section */
		CE1416A123BB1DA600AC69E4 /* Frameworks */ = {
			isa = PBXFrameworksBuildPhase;
			buildActionMask = 2147483647;
			files = (
			);
			runOnlyForDeploymentPostprocessing = 0;
		};
/* End PBXFrameworksBuildPhase section */

/* Begin PBXGroup section */
		CE14169B23BB1DA600AC69E4 = {
			isa = PBXGroup;
			children = (
				CE1416A623BB1DA600AC69E4 /* task3 */,
				CE1416A523BB1DA600AC69E4 /* Products */,
			);
			sourceTree = "<group>";
		};
		CE1416A523BB1DA600AC69E4 /* Products */ = {
			isa = PBXGroup;
			children = (
				CE1416A423BB1DA600AC69E4 /* task3.app */,
			);
			name = Products;
			sourceTree = "<group>";
		};
		CE1416A623BB1DA600AC69E4 /* task3 */ = {
			isa = PBXGroup;
			children = (
				CE1416A723BB1DA600AC69E4 /* AppDelegate.h */,
				CE1416A823BB1DA600AC69E4 /* AppDelegate.m */,
				CE1416AD23BB1DA600AC69E4 /* ViewController.h */,
				CE1416AE23BB1DA600AC69E4 /* ViewController.m */,
				CE1416C023BB1F7700AC69E4 /* Task.h */,
				CE1416C123BB1F7700AC69E4 /* Task.m */,
				CE1416B323BB1DA700AC69E4 /* Assets.xcassets */,
				CE1416B523BB1DA700AC69E4 /* LaunchScreen.storyboard */,
				CE1416B823BB1DA700AC69E4 /* Info.plist */,
				CE1416B923BB1DA700AC69E4 /* main.m */,
				CE7EEB9F23C7326900091BA1 /* myNSOperation.h */,
				CE7EEBA023C7326900091BA1 /* myNSOperation.m */,
			);
			path = task3;
			sourceTree = "<group>";
		};
/* End PBXGroup section */

/* Begin PBXNativeTarget section */
		CE1416A323BB1DA600AC69E4 /* task3 */ = {
			isa = PBXNativeTarget;
			buildConfigurationList = CE1416BD23BB1DA700AC69E4 /* Build configuration list for PBXNativeTarget "task3" */;
			buildPhases = (
				CE1416A023BB1DA600AC69E4 /* Sources */,
				CE1416A123BB1DA600AC69E4 /* Frameworks */,
				CE1416A223BB1DA600AC69E4 /* Resources */,
			);
			buildRules = (
			);
			dependencies = (
			);
			name = task3;
			productName = task3;
			productReference = CE1416A423BB1DA600AC69E4 /* task3.app */;
			productType = "com.apple.product-type.application";
		};
/* End PBXNativeTarget section */

/* Begin PBXProject section */
		CE14169C23BB1DA600AC69E4 /* Project object */ = {
			isa = PBXProject;
			attributes = {
				LastUpgradeCheck = 1120;
				ORGANIZATIONNAME = tanxiaoyan;
				TargetAttributes = {
					CE1416A323BB1DA600AC69E4 = {
						CreatedOnToolsVersion = 11.2.1;
					};
				};
			};
			buildConfigurationList = CE14169F23BB1DA600AC69E4 /* Build configuration list for PBXProject "task3" */;
			compatibilityVersion = "Xcode 9.3";
			developmentRegion = en;
			hasScannedForEncodings = 0;
			knownRegions = (
				en,
				Base,
			);
			mainGroup = CE14169B23BB1DA600AC69E4;
			productRefGroup = CE1416A523BB1DA600AC69E4 /* Products */;
			projectDirPath = "";
			projectRoot = "";
			targets = (
				CE1416A323BB1DA600AC69E4 /* task3 */,
			);
		};
/* End PBXProject section */

/* Begin PBXResourcesBuildPhase section */
		CE1416A223BB1DA600AC69E4 /* Resources */ = {
			isa = PBXResourcesBuildPhase;
			buildActionMask = 2147483647;
			files = (
				CE1416B723BB1DA700AC69E4 /* LaunchScreen.storyboard in Resources */,
				CE1416B423BB1DA700AC69E4 /* Assets.xcassets in Resources */,
			);
			runOnlyForDeploymentPostprocessing = 0;
		};
/* End PBXResourcesBuildPhase section */

/* Begin PBXSourcesBuildPhase section */
		CE1416A023BB1DA600AC69E4 /* Sources */ = {
			isa = PBXSourcesBuildPhase;
			buildActionMask = 2147483647;
			files = (
				CE1416C223BB1F7700AC69E4 /* Task.m in Sources */,
				CE1416AF23BB1DA600AC69E4 /* ViewController.m in Sources */,
				CE1416A923BB1DA600AC69E4 /* AppDelegate.m in Sources */,
				CE7EEBA123C7326900091BA1 /* myNSOperation.m in Sources */,
				CE1416BA23BB1DA700AC69E4 /* main.m in Sources */,
			);
			runOnlyForDeploymentPostprocessing = 0;
		};
/* End PBXSourcesBuildPhase section */

/* Begin PBXVariantGroup section */
		CE1416B523BB1DA700AC69E4 /* LaunchScreen.storyboard */ = {
			isa = PBXVariantGroup;
			children = (
				CE1416B623BB1DA700AC69E4 /* Base */,
			);
			name = LaunchScreen.storyboard;
			sourceTree = "<group>";
		};
/* End PBXVariantGroup section */

/* Begin XCBuildConfiguration section */
		CE1416BB23BB1DA700AC69E4 /* Debug */ = {
			isa = XCBuildConfiguration;
			buildSettings = {
				ALWAYS_SEARCH_USER_PATHS = NO;
				CLANG_ANALYZER_NONNULL = YES;
				CLANG_ANALYZER_NUMBER_OBJECT_CONVERSION = YES_AGGRESSIVE;
				CLANG_CXX_LANGUAGE_STANDARD = "gnu++14";
				CLANG_CXX_LIBRARY = "libc++";
				CLANG_ENABLE_MODULES = YES;
				CLANG_ENABLE_OBJC_ARC = YES;
				CLANG_ENABLE_OBJC_WEAK = YES;
				CLANG_WARN_BLOCK_CAPTURE_AUTORELEASING = YES;
				CLANG_WARN_BOOL_CONVERSION = YES;
				CLANG_WARN_COMMA = YES;
				CLANG_WARN_CONSTANT_CONVERSION = YES;
				CLANG_WARN_DEPRECATED_OBJC_IMPLEMENTATIONS = YES;
				CLANG_WARN_DIRECT_OBJC_ISA_USAGE = YES_ERROR;
				CLANG_WARN_DOCUMENTATION_COMMENTS = YES;
				CLANG_WARN_EMPTY_BODY = YES;
				CLANG_WARN_ENUM_CONVERSION = YES;
				CLANG_WARN_INFINITE_RECURSION = YES;
				CLANG_WARN_INT_CONVERSION = YES;
				CLANG_WARN_NON_LITERAL_NULL_CONVERSION = YES;
				CLANG_WARN_OBJC_IMPLICIT_RETAIN_SELF = YES;
				CLANG_WARN_OBJC_LITERAL_CONVERSION = YES;
				CLANG_WARN_OBJC_ROOT_CLASS = YES_ERROR;
				CLANG_WARN_RANGE_LOOP_ANALYSIS = YES;
				CLANG_WARN_STRICT_PROTOTYPES = YES;
				CLANG_WARN_SUSPICIOUS_MOVE = YES;
				CLANG_WARN_UNGUARDED_AVAILABILITY = YES_AGGRESSIVE;
				CLANG_WARN_UNREACHABLE_CODE = YES;
				CLANG_WARN__DUPLICATE_METHOD_MATCH = YES;
				COPY_PHASE_STRIP = NO;
				DEBUG_INFORMATION_FORMAT = dwarf;
				ENABLE_STRICT_OBJC_MSGSEND = YES;
				ENABLE_TESTABILITY = YES;
				GCC_C_LANGUAGE_STANDARD = gnu11;
				GCC_DYNAMIC_NO_PIC = NO;
				GCC_NO_COMMON_BLOCKS = YES;
				GCC_OPTIMIZATION_LEVEL = 0;
				GCC_PREPROCESSOR_DEFINITIONS = (
					"DEBUG=1",
					"$(inherited)",
				);
				GCC_WARN_64_TO_32_BIT_CONVERSION = YES;
				GCC_WARN_ABOUT_RETURN_TYPE = YES_ERROR;
				GCC_WARN_UNDECLARED_SELECTOR = YES;
				GCC_WARN_UNINITIALIZED_AUTOS = YES_AGGRESSIVE;
				GCC_WARN_UNUSED_FUNCTION = YES;
				GCC_WARN_UNUSED_VARIABLE = YES;
				IPHONEOS_DEPLOYMENT_TARGET = 12.0;
				MTL_ENABLE_DEBUG_INFO = INCLUDE_SOURCE;
				MTL_FAST_MATH = YES;
				ONLY_ACTIVE_ARCH = YES;
				SDKROOT = iphoneos;
			};
			name = Debug;
		};
		CE1416BC23BB1DA700AC69E4 /* Release */ = {
			isa = XCBuildConfiguration;
			buildSettings = {
				ALWAYS_SEARCH_USER_PATHS = NO;
				CLANG_ANALYZER_NONNULL = YES;
				CLANG_ANALYZER_NUMBER_OBJECT_CONVERSION = YES_AGGRESSIVE;
				CLANG_CXX_LANGUAGE_STANDARD = "gnu++14";
				CLANG_CXX_LIBRARY = "libc++";
				CLANG_ENABLE_MODULES = YES;
				CLANG_ENABLE_OBJC_ARC = YES;
				CLANG_ENABLE_OBJC_WEAK = YES;
				CLANG_WARN_BLOCK_CAPTURE_AUTORELEASING = YES;
				CLANG_WARN_BOOL_CONVERSION = YES;
				CLANG_WARN_COMMA = YES;
				CLANG_WARN_CONSTANT_CONVERSION = YES;
				CLANG_WARN_DEPRECATED_OBJC_IMPLEMENTATIONS = YES;
				CLANG_WARN_DIRECT_OBJC_ISA_USAGE = YES_ERROR;
				CLANG_WARN_DOCUMENTATION_COMMENTS = YES;
				CLANG_WARN_EMPTY_BODY = YES;
				CLANG_WARN_ENUM_CONVERSION = YES;
				CLANG_WARN_INFINITE_RECURSION = YES;
				CLANG_WARN_INT_CONVERSION = YES;
				CLANG_WARN_NON_LITERAL_NULL_CONVERSION = YES;
				CLANG_WARN_OBJC_IMPLICIT_RETAIN_SELF = YES;
				CLANG_WARN_OBJC_LITERAL_CONVERSION = YES;
				CLANG_WARN_OBJC_ROOT_CLASS = YES_ERROR;
				CLANG_WARN_RANGE_LOOP_ANALYSIS = YES;
				CLANG_WARN_STRICT_PROTOTYPES = YES;
				CLANG_WARN_SUSPICIOUS_MOVE = YES;
				CLANG_WARN_UNGUARDED_AVAILABILITY = YES_AGGRESSIVE;
				CLANG_WARN_UNREACHABLE_CODE = YES;
				CLANG_WARN__DUPLICATE_METHOD_MATCH = YES;
				COPY_PHASE_STRIP = NO;
				DEBUG_INFORMATION_FORMAT = "dwarf-with-dsym";
				ENABLE_NS_ASSERTIONS = NO;
				ENABLE_STRICT_OBJC_MSGSEND = YES;
				GCC_C_LANGUAGE_STANDARD = gnu11;
				GCC_NO_COMMON_BLOCKS = YES;
				GCC_WARN_64_TO_32_BIT_CONVERSION = YES;
				GCC_WARN_ABOUT_RETURN_TYPE = YES_ERROR;
				GCC_WARN_UNDECLARED_SELECTOR = YES;
				GCC_WARN_UNINITIALIZED_AUTOS = YES_AGGRESSIVE;
				GCC_WARN_UNUSED_FUNCTION = YES;
				GCC_WARN_UNUSED_VARIABLE = YES;
				IPHONEOS_DEPLOYMENT_TARGET = 12.0;
				MTL_ENABLE_DEBUG_INFO = NO;
				MTL_FAST_MATH = YES;
				SDKROOT = iphoneos;
				VALIDATE_PRODUCT = YES;
			};
			name = Release;
		};
		CE1416BE23BB1DA700AC69E4 /* Debug */ = {
			isa = XCBuildConfiguration;
			buildSettings = {
				ASSETCATALOG_COMPILER_APPICON_NAME = AppIcon;
				CODE_SIGN_STYLE = Automatic;
				DEVELOPMENT_TEAM = XE7NU2PH44;
				INFOPLIST_FILE = task3/Info.plist;
				LD_RUNPATH_SEARCH_PATHS = (
					"$(inherited)",
					"@executable_path/Frameworks",
				);
				PRODUCT_BUNDLE_IDENTIFIER = com.bytedance.aaaaa.task3;
				PRODUCT_NAME = "$(TARGET_NAME)";
				TARGETED_DEVICE_FAMILY = "1,2";
			};
			name = Debug;
		};
		CE1416BF23BB1DA700AC69E4 /* Release */ = {
			isa = XCBuildConfiguration;
			buildSettings = {
				ASSETCATALOG_COMPILER_APPICON_NAME = AppIcon;
				CODE_SIGN_STYLE = Automatic;
				DEVELOPMENT_TEAM = XE7NU2PH44;
				INFOPLIST_FILE = task3/Info.plist;
				LD_RUNPATH_SEARCH_PATHS = (
					"$(inherited)",
					"@executable_path/Frameworks",
				);
				PRODUCT_BUNDLE_IDENTIFIER = com.bytedance.aaaaa.task3;
				PRODUCT_NAME = "$(TARGET_NAME)";
				TARGETED_DEVICE_FAMILY = "1,2";
			};
			name = Release;
		};
/* End XCBuildConfiguration section */

/* Begin XCConfigurationList section */
		CE14169F23BB1DA600AC69E4 /* Build configuration list for PBXProject "task3" */ = {
			isa = XCConfigurationList;
			buildConfigurations = (
				CE1416BB23BB1DA700AC69E4 /* Debug */,
				CE1416BC23BB1DA700AC69E4 /* Release */,
			);
			defaultConfigurationIsVisible = 0;
			defaultConfigurationName = Release;
		};
		CE1416BD23BB1DA700AC69E4 /* Build configuration list for PBXNativeTarget "task3" */ = {
			isa = XCConfigurationList;
			buildConfigurations = (
				CE1416BE23BB1DA700AC69E4 /* Debug */,
				CE1416BF23BB1DA700AC69E4 /* Release */,
			);
			defaultConfigurationIsVisible = 0;
			defaultConfigurationName = Release;
		};
/* End XCConfigurationList section */
	};
	rootObject = CE14169C23BB1DA600AC69E4 /* Project object */;
}
